
Microsoft Visual Studio Solution File, Format Version 12.00
# Visual Studio Version 17
VisualStudioVersion = 17.11.35312.102
MinimumVisualStudioVersion = 10.0.40219.1
Project("{FAE04EC0-301F-11D3-BF4B-00C04F79EFBC}") = "CatFacts", "CatFacts.csproj", "{DF549718-24B2-4524-A69A-6864215CC210}"
EndProject
Global
	GlobalSection(SolutionConfigurationPlatforms) = preSolution
		Debug|Any CPU = Debug|Any CPU
		Release|Any CPU = Release|Any CPU
	EndGlobalSection
	GlobalSection(ProjectConfigurationPlatforms) = postSolution
		{DF549718-24B2-4524-A69A-6864215CC210}.Debug|Any CPU.ActiveCfg = Debug|Any CPU
		{DF549718-24B2-4524-A69A-6864215CC210}.Debug|Any CPU.Build.0 = Debug|Any CPU
		{DF549718-24B2-4524-A69A-6864215CC210}.Debug|Any CPU.Deploy.0 = Debug|Any CPU
		{DF549718-24B2-4524-A69A-6864215CC210}.Release|Any CPU.ActiveCfg = Release|Any CPU
		{DF549718-24B2-4524-A69A-6864215CC210}.Release|Any CPU.Build.0 = Release|Any CPU
		{DF549718-24B2-4524-A69A-6864215CC210}.Release|Any CPU.Deploy.0 = Release|Any CPU
	EndGlobalSection
	GlobalSection(SolutionProperties) = preSolution
		HideSolutionNode = FALSE
	EndGlobalSection
	GlobalSection(ExtensibilityGlobals) = postSolution
		SolutionGuid = {13F70F82-B4B4-4257-AD95-1E0E82A4329E}
	EndGlobalSection
EndGlobal
